
Microsoft Visual Studio Solution File, Format Version 12.00
# Visual Studio Version 17
VisualStudioVersion = 17.5.2.0
MinimumVisualStudioVersion = 10.0.40219.1
Project("{FAE04EC0-301F-11D3-BF4B-00C04F79EFBC}") = "RestBl├╢b", "RestBl├╢b.csproj", "{2FEF3A2B-8706-188E-241D-9A80DE581EFC}"
EndProject
Global
	GlobalSection(SolutionConfigurationPlatforms) = preSolution
		Debug|Any CPU = Debug|Any CPU
		Release|Any CPU = Release|Any CPU
	EndGlobalSection
	GlobalSection(ProjectConfigurationPlatforms) = postSolution
		{2FEF3A2B-8706-188E-241D-9A80DE581EFC}.Debug|Any CPU.ActiveCfg = Debug|Any CPU
		{2FEF3A2B-8706-188E-241D-9A80DE581EFC}.Debug|Any CPU.Build.0 = Debug|Any CPU
		{2FEF3A2B-8706-188E-241D-9A80DE581EFC}.Release|Any CPU.ActiveCfg = Release|Any CPU
		{2FEF3A2B-8706-188E-241D-9A80DE581EFC}.Release|Any CPU.Build.0 = Release|Any CPU
	EndGlobalSection
	GlobalSection(SolutionProperties) = preSolution
		HideSolutionNode = FALSE
	EndGlobalSection
	GlobalSection(ExtensibilityGlobals) = postSolution
		SolutionGuid = {C28D44DC-0392-4CBC-843F-B50574EBFB0A}
	EndGlobalSection
EndGlobal
