
Microsoft Visual Studio Solution File, Format Version 12.00
Project("{FAE04EC0-301F-11D3-BF4B-00C04F79EFBC}") = "SkudarBeregner", "SkudarBeregner.csproj", "{38B53776-A0CB-4AF6-AFBF-71D39AA3BECC}"
EndProject
Global
	GlobalSection(SolutionConfigurationPlatforms) = preSolution
		Debug|Any CPU = Debug|Any CPU
		Release|Any CPU = Release|Any CPU
	EndGlobalSection
	GlobalSection(ProjectConfigurationPlatforms) = postSolution
		{38B53776-A0CB-4AF6-AFBF-71D39AA3BECC}.Debug|Any CPU.ActiveCfg = Debug|Any CPU
		{38B53776-A0CB-4AF6-AFBF-71D39AA3BECC}.Debug|Any CPU.Build.0 = Debug|Any CPU
		{38B53776-A0CB-4AF6-AFBF-71D39AA3BECC}.Release|Any CPU.ActiveCfg = Release|Any CPU
		{38B53776-A0CB-4AF6-AFBF-71D39AA3BECC}.Release|Any CPU.Build.0 = Release|Any CPU
	EndGlobalSection
EndGlobal
