Microsoft Visual Studio Solution File, Format Version 12.00
# Visual Studio Version 17
VisualStudioVersion = 17.5.2.0
MinimumVisualStudioVersion = 10.0.40219.1
Project("{FAE04EC0-301F-11D3-BF4B-00C04F79EFBC}") = "BilletUdregner", "BilletUdregner.csproj", "{4CD0E41A-AE3B-AF0F-CED2-0E771BD043A8}"
EndProject
Global
	GlobalSection(SolutionConfigurationPlatforms) = preSolution
		Debug|Any CPU = Debug|Any CPU
		Release|Any CPU = Release|Any CPU
	EndGlobalSection
	GlobalSection(ProjectConfigurationPlatforms) = postSolution
		{4CD0E41A-AE3B-AF0F-CED2-0E771BD043A8}.Debug|Any CPU.ActiveCfg = Debug|Any CPU
		{4CD0E41A-AE3B-AF0F-CED2-0E771BD043A8}.Debug|Any CPU.Build.0 = Debug|Any CPU
		{4CD0E41A-AE3B-AF0F-CED2-0E771BD043A8}.Release|Any CPU.ActiveCfg = Release|Any CPU
		{4CD0E41A-AE3B-AF0F-CED2-0E771BD043A8}.Release|Any CPU.Build.0 = Release|Any CPU
	EndGlobalSection
	GlobalSection(SolutionProperties) = preSolution
		HideSolutionNode = FALSE
	EndGlobalSection
	GlobalSection(ExtensibilityGlobals) = postSolution
		SolutionGuid = {E3015BA2-A8CD-42A7-AFA5-E11D0772AFA6}
	EndGlobalSection
EndGlobal
