
Microsoft Visual Studio Solution File, Format Version 12.00
# Visual Studio Version 17
VisualStudioVersion = 17.5.2.0
MinimumVisualStudioVersion = 10.0.40219.1
Project("{FAE04EC0-301F-11D3-BF4B-00C04F79EFBC}") = "Øvelse-16", "Øvelse-16.csproj", "{0CB7B718-6422-2B3E-8820-CB22FFB467FB}"
EndProject
Global
	GlobalSection(SolutionConfigurationPlatforms) = preSolution
		Debug|Any CPU = Debug|Any CPU
		Release|Any CPU = Release|Any CPU
	EndGlobalSection
	GlobalSection(ProjectConfigurationPlatforms) = postSolution
		{0CB7B718-6422-2B3E-8820-CB22FFB467FB}.Debug|Any CPU.ActiveCfg = Debug|Any CPU
		{0CB7B718-6422-2B3E-8820-CB22FFB467FB}.Debug|Any CPU.Build.0 = Debug|Any CPU
		{0CB7B718-6422-2B3E-8820-CB22FFB467FB}.Release|Any CPU.ActiveCfg = Release|Any CPU
		{0CB7B718-6422-2B3E-8820-CB22FFB467FB}.Release|Any CPU.Build.0 = Release|Any CPU
	EndGlobalSection
	GlobalSection(SolutionProperties) = preSolution
		HideSolutionNode = FALSE
	EndGlobalSection
	GlobalSection(ExtensibilityGlobals) = postSolution
		SolutionGuid = {06A189E8-F30B-479B-A7E6-9E09F44E70E5}
	EndGlobalSection
EndGlobal
